
Microsoft Visual Studio Solution File, Format Version 12.00
# Visual Studio 15
VisualStudioVersion = 15.0.28307.136
MinimumVisualStudioVersion = 10.0.40219.1
Project("{FAE04EC0-301F-11D3-BF4B-00C04F79EFBC}") = "Sales.Android", "Sales\Sales.Android\Sales.Android.csproj", "{7EF650BA-07FB-4F4B-9DAE-82BABE941640}"
EndProject
Project("{FAE04EC0-301F-11D3-BF4B-00C04F79EFBC}") = "Sales.iOS", "Sales\Sales.iOS\Sales.iOS.csproj", "{F92461ED-9763-4905-AE9A-61022E781C92}"
EndProject
Project("{FAE04EC0-301F-11D3-BF4B-00C04F79EFBC}") = "Sales.UWP", "Sales\Sales.UWP\Sales.UWP.csproj", "{046E695D-9E8A-4EA3-A38A-0350E7BD3007}"
EndProject
Project("{9A19103F-16F7-4668-BE54-9A1E7A4F7556}") = "Sales", "Sales\Sales\Sales.csproj", "{E67D1476-FA2A-48D4-B76A-7E104CA4CD26}"
EndProject
Project("{FAE04EC0-301F-11D3-BF4B-00C04F79EFBC}") = "Sales.Backend", "Sales.Backend\Sales.Backend.csproj", "{B8B211B7-7000-4244-AC06-9EF3FA2A87DE}"
EndProject
Project("{FAE04EC0-301F-11D3-BF4B-00C04F79EFBC}") = "Sales.API", "Sales.API\Sales.API.csproj", "{BB89C39B-CABB-4C46-AFE2-06814907528D}"
EndProject
Project("{FAE04EC0-301F-11D3-BF4B-00C04F79EFBC}") = "Sales.Domain", "Sales.Domain\Sales.Domain.csproj", "{841A4CC7-D68D-4636-8DBC-CECE5AF4F6DF}"
EndProject
Project("{FAE04EC0-301F-11D3-BF4B-00C04F79EFBC}") = "Sales.Common", "Sales.Common\Sales.Common.csproj", "{B88CB2B9-F134-4800-B208-C1686A6A33A1}"
EndProject
Global
	GlobalSection(SolutionConfigurationPlatforms) = preSolution
		Ad-Hoc|Any CPU = Ad-Hoc|Any CPU
		Ad-Hoc|ARM = Ad-Hoc|ARM
		Ad-Hoc|iPhone = Ad-Hoc|iPhone
		Ad-Hoc|iPhoneSimulator = Ad-Hoc|iPhoneSimulator
		Ad-Hoc|x64 = Ad-Hoc|x64
		Ad-Hoc|x86 = Ad-Hoc|x86
		AppStore|Any CPU = AppStore|Any CPU
		AppStore|ARM = AppStore|ARM
		AppStore|iPhone = AppStore|iPhone
		AppStore|iPhoneSimulator = AppStore|iPhoneSimulator
		AppStore|x64 = AppStore|x64
		AppStore|x86 = AppStore|x86
		Debug|Any CPU = Debug|Any CPU
		Debug|ARM = Debug|ARM
		Debug|iPhone = Debug|iPhone
		Debug|iPhoneSimulator = Debug|iPhoneSimulator
		Debug|x64 = Debug|x64
		Debug|x86 = Debug|x86
		Release|Any CPU = Release|Any CPU
		Release|ARM = Release|ARM
		Release|iPhone = Release|iPhone
		Release|iPhoneSimulator = Release|iPhoneSimulator
		Release|x64 = Release|x64
		Release|x86 = Release|x86
	EndGlobalSection
	GlobalSection(ProjectConfigurationPlatforms) = postSolution
		{7EF650BA-07FB-4F4B-9DAE-82BABE941640}.Ad-Hoc|Any CPU.ActiveCfg = Release|Any CPU
		{7EF650BA-07FB-4F4B-9DAE-82BABE941640}.Ad-Hoc|Any CPU.Build.0 = Release|Any CPU
		{7EF650BA-07FB-4F4B-9DAE-82BABE941640}.Ad-Hoc|Any CPU.Deploy.0 = Release|Any CPU
		{7EF650BA-07FB-4F4B-9DAE-82BABE941640}.Ad-Hoc|ARM.ActiveCfg = Release|Any CPU
		{7EF650BA-07FB-4F4B-9DAE-82BABE941640}.Ad-Hoc|ARM.Build.0 = Release|Any CPU
		{7EF650BA-07FB-4F4B-9DAE-82BABE941640}.Ad-Hoc|ARM.Deploy.0 = Release|Any CPU
		{7EF650BA-07FB-4F4B-9DAE-82BABE941640}.Ad-Hoc|iPhone.ActiveCfg = Release|Any CPU
		{7EF650BA-07FB-4F4B-9DAE-82BABE941640}.Ad-Hoc|iPhone.Build.0 = Release|Any CPU
		{7EF650BA-07FB-4F4B-9DAE-82BABE941640}.Ad-Hoc|iPhone.Deploy.0 = Release|Any CPU
		{7EF650BA-07FB-4F4B-9DAE-82BABE941640}.Ad-Hoc|iPhoneSimulator.ActiveCfg = Release|Any CPU
		{7EF650BA-07FB-4F4B-9DAE-82BABE941640}.Ad-Hoc|iPhoneSimulator.Build.0 = Release|Any CPU
		{7EF650BA-07FB-4F4B-9DAE-82BABE941640}.Ad-Hoc|iPhoneSimulator.Deploy.0 = Release|Any CPU
		{7EF650BA-07FB-4F4B-9DAE-82BABE941640}.Ad-Hoc|x64.ActiveCfg = Release|Any CPU
		{7EF650BA-07FB-4F4B-9DAE-82BABE941640}.Ad-Hoc|x64.Build.0 = Release|Any CPU
		{7EF650BA-07FB-4F4B-9DAE-82BABE941640}.Ad-Hoc|x64.Deploy.0 = Release|Any CPU
		{7EF650BA-07FB-4F4B-9DAE-82BABE941640}.Ad-Hoc|x86.ActiveCfg = Release|Any CPU
		{7EF650BA-07FB-4F4B-9DAE-82BABE941640}.Ad-Hoc|x86.Build.0 = Release|Any CPU
		{7EF650BA-07FB-4F4B-9DAE-82BABE941640}.Ad-Hoc|x86.Deploy.0 = Release|Any CPU
		{7EF650BA-07FB-4F4B-9DAE-82BABE941640}.AppStore|Any CPU.ActiveCfg = Release|Any CPU
		{7EF650BA-07FB-4F4B-9DAE-82BABE941640}.AppStore|Any CPU.Build.0 = Release|Any CPU
		{7EF650BA-07FB-4F4B-9DAE-82BABE941640}.AppStore|Any CPU.Deploy.0 = Release|Any CPU
		{7EF650BA-07FB-4F4B-9DAE-82BABE941640}.AppStore|ARM.ActiveCfg = Release|Any CPU
		{7EF650BA-07FB-4F4B-9DAE-82BABE941640}.AppStore|ARM.Build.0 = Release|Any CPU
		{7EF650BA-07FB-4F4B-9DAE-82BABE941640}.AppStore|ARM.Deploy.0 = Release|Any CPU
		{7EF650BA-07FB-4F4B-9DAE-82BABE941640}.AppStore|iPhone.ActiveCfg = Release|Any CPU
		{7EF650BA-07FB-4F4B-9DAE-82BABE941640}.AppStore|iPhone.Build.0 = Release|Any CPU
		{7EF650BA-07FB-4F4B-9DAE-82BABE941640}.AppStore|iPhone.Deploy.0 = Release|Any CPU
		{7EF650BA-07FB-4F4B-9DAE-82BABE941640}.AppStore|iPhoneSimulator.ActiveCfg = Release|Any CPU
		{7EF650BA-07FB-4F4B-9DAE-82BABE941640}.AppStore|iPhoneSimulator.Build.0 = Release|Any CPU
		{7EF650BA-07FB-4F4B-9DAE-82BABE941640}.AppStore|iPhoneSimulator.Deploy.0 = Release|Any CPU
		{7EF650BA-07FB-4F4B-9DAE-82BABE941640}.AppStore|x64.ActiveCfg = Release|Any CPU
		{7EF650BA-07FB-4F4B-9DAE-82BABE941640}.AppStore|x64.Build.0 = Release|Any CPU
		{7EF650BA-07FB-4F4B-9DAE-82BABE941640}.AppStore|x64.Deploy.0 = Release|Any CPU
		{7EF650BA-07FB-4F4B-9DAE-82BABE941640}.AppStore|x86.ActiveCfg = Release|Any CPU
		{7EF650BA-07FB-4F4B-9DAE-82BABE941640}.AppStore|x86.Build.0 = Release|Any CPU
		{7EF650BA-07FB-4F4B-9DAE-82BABE941640}.AppStore|x86.Deploy.0 = Release|Any CPU
		{7EF650BA-07FB-4F4B-9DAE-82BABE941640}.Debug|Any CPU.ActiveCfg = Debug|Any CPU
		{7EF650BA-07FB-4F4B-9DAE-82BABE941640}.Debug|Any CPU.Build.0 = Debug|Any CPU
		{7EF650BA-07FB-4F4B-9DAE-82BABE941640}.Debug|Any CPU.Deploy.0 = Debug|Any CPU
		{7EF650BA-07FB-4F4B-9DAE-82BABE941640}.Debug|ARM.ActiveCfg = Debug|Any CPU
		{7EF650BA-07FB-4F4B-9DAE-82BABE941640}.Debug|ARM.Build.0 = Debug|Any CPU
		{7EF650BA-07FB-4F4B-9DAE-82BABE941640}.Debug|ARM.Deploy.0 = Debug|Any CPU
		{7EF650BA-07FB-4F4B-9DAE-82BABE941640}.Debug|iPhone.ActiveCfg = Debug|Any CPU
		{7EF650BA-07FB-4F4B-9DAE-82BABE941640}.Debug|iPhone.Build.0 = Debug|Any CPU
		{7EF650BA-07FB-4F4B-9DAE-82BABE941640}.Debug|iPhone.Deploy.0 = Debug|Any CPU
		{7EF650BA-07FB-4F4B-9DAE-82BABE941640}.Debug|iPhoneSimulator.ActiveCfg = Debug|Any CPU
		{7EF650BA-07FB-4F4B-9DAE-82BABE941640}.Debug|iPhoneSimulator.Build.0 = Debug|Any CPU
		{7EF650BA-07FB-4F4B-9DAE-82BABE941640}.Debug|iPhoneSimulator.Deploy.0 = Debug|Any CPU
		{7EF650BA-07FB-4F4B-9DAE-82BABE941640}.Debug|x64.ActiveCfg = Debug|Any CPU
		{7EF650BA-07FB-4F4B-9DAE-82BABE941640}.Debug|x64.Build.0 = Debug|Any CPU
		{7EF650BA-07FB-4F4B-9DAE-82BABE941640}.Debug|x64.Deploy.0 = Debug|Any CPU
		{7EF650BA-07FB-4F4B-9DAE-82BABE941640}.Debug|x86.ActiveCfg = Debug|Any CPU
		{7EF650BA-07FB-4F4B-9DAE-82BABE941640}.Debug|x86.Build.0 = Debug|Any CPU
		{7EF650BA-07FB-4F4B-9DAE-82BABE941640}.Debug|x86.Deploy.0 = Debug|Any CPU
		{7EF650BA-07FB-4F4B-9DAE-82BABE941640}.Release|Any CPU.ActiveCfg = Release|Any CPU
		{7EF650BA-07FB-4F4B-9DAE-82BABE941640}.Release|Any CPU.Build.0 = Release|Any CPU
		{7EF650BA-07FB-4F4B-9DAE-82BABE941640}.Release|Any CPU.Deploy.0 = Release|Any CPU
		{7EF650BA-07FB-4F4B-9DAE-82BABE941640}.Release|ARM.ActiveCfg = Release|Any CPU
		{7EF650BA-07FB-4F4B-9DAE-82BABE941640}.Release|ARM.Build.0 = Release|Any CPU
		{7EF650BA-07FB-4F4B-9DAE-82BABE941640}.Release|ARM.Deploy.0 = Release|Any CPU
		{7EF650BA-07FB-4F4B-9DAE-82BABE941640}.Release|iPhone.ActiveCfg = Release|Any CPU
		{7EF650BA-07FB-4F4B-9DAE-82BABE941640}.Release|iPhone.Build.0 = Release|Any CPU
		{7EF650BA-07FB-4F4B-9DAE-82BABE941640}.Release|iPhone.Deploy.0 = Release|Any CPU
		{7EF650BA-07FB-4F4B-9DAE-82BABE941640}.Release|iPhoneSimulator.ActiveCfg = Release|Any CPU
		{7EF650BA-07FB-4F4B-9DAE-82BABE941640}.Release|iPhoneSimulator.Build.0 = Release|Any CPU
		{7EF650BA-07FB-4F4B-9DAE-82BABE941640}.Release|iPhoneSimulator.Deploy.0 = Release|Any CPU
		{7EF650BA-07FB-4F4B-9DAE-82BABE941640}.Release|x64.ActiveCfg = Release|Any CPU
		{7EF650BA-07FB-4F4B-9DAE-82BABE941640}.Release|x64.Build.0 = Release|Any CPU
		{7EF650BA-07FB-4F4B-9DAE-82BABE941640}.Release|x64.Deploy.0 = Release|Any CPU
		{7EF650BA-07FB-4F4B-9DAE-82BABE941640}.Release|x86.ActiveCfg = Release|Any CPU
		{7EF650BA-07FB-4F4B-9DAE-82BABE941640}.Release|x86.Build.0 = Release|Any CPU
		{7EF650BA-07FB-4F4B-9DAE-82BABE941640}.Release|x86.Deploy.0 = Release|Any CPU
		{F92461ED-9763-4905-AE9A-61022E781C92}.Ad-Hoc|Any CPU.ActiveCfg = Ad-Hoc|iPhone
		{F92461ED-9763-4905-AE9A-61022E781C92}.Ad-Hoc|Any CPU.Build.0 = Ad-Hoc|iPhone
		{F92461ED-9763-4905-AE9A-61022E781C92}.Ad-Hoc|Any CPU.Deploy.0 = Ad-Hoc|iPhone
		{F92461ED-9763-4905-AE9A-61022E781C92}.Ad-Hoc|ARM.ActiveCfg = Ad-Hoc|iPhone
		{F92461ED-9763-4905-AE9A-61022E781C92}.Ad-Hoc|ARM.Build.0 = Ad-Hoc|iPhone
		{F92461ED-9763-4905-AE9A-61022E781C92}.Ad-Hoc|ARM.Deploy.0 = Ad-Hoc|iPhone
		{F92461ED-9763-4905-AE9A-61022E781C92}.Ad-Hoc|iPhone.ActiveCfg = Ad-Hoc|iPhone
		{F92461ED-9763-4905-AE9A-61022E781C92}.Ad-Hoc|iPhone.Build.0 = Ad-Hoc|iPhone
		{F92461ED-9763-4905-AE9A-61022E781C92}.Ad-Hoc|iPhone.Deploy.0 = Ad-Hoc|iPhone
		{F92461ED-9763-4905-AE9A-61022E781C92}.Ad-Hoc|iPhoneSimulator.ActiveCfg = Ad-Hoc|iPhoneSimulator
		{F92461ED-9763-4905-AE9A-61022E781C92}.Ad-Hoc|iPhoneSimulator.Build.0 = Ad-Hoc|iPhoneSimulator
		{F92461ED-9763-4905-AE9A-61022E781C92}.Ad-Hoc|iPhoneSimulator.Deploy.0 = Ad-Hoc|iPhoneSimulator
		{F92461ED-9763-4905-AE9A-61022E781C92}.Ad-Hoc|x64.ActiveCfg = Ad-Hoc|iPhone
		{F92461ED-9763-4905-AE9A-61022E781C92}.Ad-Hoc|x64.Build.0 = Ad-Hoc|iPhone
		{F92461ED-9763-4905-AE9A-61022E781C92}.Ad-Hoc|x64.Deploy.0 = Ad-Hoc|iPhone
		{F92461ED-9763-4905-AE9A-61022E781C92}.Ad-Hoc|x86.ActiveCfg = Ad-Hoc|iPhone
		{F92461ED-9763-4905-AE9A-61022E781C92}.Ad-Hoc|x86.Build.0 = Ad-Hoc|iPhone
		{F92461ED-9763-4905-AE9A-61022E781C92}.Ad-Hoc|x86.Deploy.0 = Ad-Hoc|iPhone
		{F92461ED-9763-4905-AE9A-61022E781C92}.AppStore|Any CPU.ActiveCfg = AppStore|iPhone
		{F92461ED-9763-4905-AE9A-61022E781C92}.AppStore|Any CPU.Build.0 = AppStore|iPhone
		{F92461ED-9763-4905-AE9A-61022E781C92}.AppStore|Any CPU.Deploy.0 = AppStore|iPhone
		{F92461ED-9763-4905-AE9A-61022E781C92}.AppStore|ARM.ActiveCfg = AppStore|iPhone
		{F92461ED-9763-4905-AE9A-61022E781C92}.AppStore|ARM.Build.0 = AppStore|iPhone
		{F92461ED-9763-4905-AE9A-61022E781C92}.AppStore|ARM.Deploy.0 = AppStore|iPhone
		{F92461ED-9763-4905-AE9A-61022E781C92}.AppStore|iPhone.ActiveCfg = AppStore|iPhone
		{F92461ED-9763-4905-AE9A-61022E781C92}.AppStore|iPhone.Build.0 = AppStore|iPhone
		{F92461ED-9763-4905-AE9A-61022E781C92}.AppStore|iPhone.Deploy.0 = AppStore|iPhone
		{F92461ED-9763-4905-AE9A-61022E781C92}.AppStore|iPhoneSimulator.ActiveCfg = AppStore|iPhoneSimulator
		{F92461ED-9763-4905-AE9A-61022E781C92}.AppStore|iPhoneSimulator.Build.0 = AppStore|iPhoneSimulator
		{F92461ED-9763-4905-AE9A-61022E781C92}.AppStore|iPhoneSimulator.Deploy.0 = AppStore|iPhoneSimulator
		{F92461ED-9763-4905-AE9A-61022E781C92}.AppStore|x64.ActiveCfg = AppStore|iPhone
		{F92461ED-9763-4905-AE9A-61022E781C92}.AppStore|x64.Build.0 = AppStore|iPhone
		{F92461ED-9763-4905-AE9A-61022E781C92}.AppStore|x64.Deploy.0 = AppStore|iPhone
		{F92461ED-9763-4905-AE9A-61022E781C92}.AppStore|x86.ActiveCfg = AppStore|iPhone
		{F92461ED-9763-4905-AE9A-61022E781C92}.AppStore|x86.Build.0 = AppStore|iPhone
		{F92461ED-9763-4905-AE9A-61022E781C92}.AppStore|x86.Deploy.0 = AppStore|iPhone
		{F92461ED-9763-4905-AE9A-61022E781C92}.Debug|Any CPU.ActiveCfg = Debug|iPhoneSimulator
		{F92461ED-9763-4905-AE9A-61022E781C92}.Debug|Any CPU.Build.0 = Debug|iPhoneSimulator
		{F92461ED-9763-4905-AE9A-61022E781C92}.Debug|Any CPU.Deploy.0 = Debug|iPhoneSimulator
		{F92461ED-9763-4905-AE9A-61022E781C92}.Debug|ARM.ActiveCfg = Debug|iPhone
		{F92461ED-9763-4905-AE9A-61022E781C92}.Debug|ARM.Build.0 = Debug|iPhone
		{F92461ED-9763-4905-AE9A-61022E781C92}.Debug|ARM.Deploy.0 = Debug|iPhone
		{F92461ED-9763-4905-AE9A-61022E781C92}.Debug|iPhone.ActiveCfg = Debug|iPhone
		{F92461ED-9763-4905-AE9A-61022E781C92}.Debug|iPhone.Build.0 = Debug|iPhone
		{F92461ED-9763-4905-AE9A-61022E781C92}.Debug|iPhone.Deploy.0 = Debug|iPhone
		{F92461ED-9763-4905-AE9A-61022E781C92}.Debug|iPhoneSimulator.ActiveCfg = Debug|iPhoneSimulator
		{F92461ED-9763-4905-AE9A-61022E781C92}.Debug|iPhoneSimulator.Build.0 = Debug|iPhoneSimulator
		{F92461ED-9763-4905-AE9A-61022E781C92}.Debug|iPhoneSimulator.Deploy.0 = Debug|iPhoneSimulator
		{F92461ED-9763-4905-AE9A-61022E781C92}.Debug|x64.ActiveCfg = Debug|iPhone
		{F92461ED-9763-4905-AE9A-61022E781C92}.Debug|x64.Build.0 = Debug|iPhone
		{F92461ED-9763-4905-AE9A-61022E781C92}.Debug|x64.Deploy.0 = Debug|iPhone
		{F92461ED-9763-4905-AE9A-61022E781C92}.Debug|x86.ActiveCfg = Debug|iPhone
		{F92461ED-9763-4905-AE9A-61022E781C92}.Debug|x86.Build.0 = Debug|iPhone
		{F92461ED-9763-4905-AE9A-61022E781C92}.Debug|x86.Deploy.0 = Debug|iPhone
		{F92461ED-9763-4905-AE9A-61022E781C92}.Release|Any CPU.ActiveCfg = Release|iPhone
		{F92461ED-9763-4905-AE9A-61022E781C92}.Release|Any CPU.Build.0 = Release|iPhone
		{F92461ED-9763-4905-AE9A-61022E781C92}.Release|Any CPU.Deploy.0 = Release|iPhone
		{F92461ED-9763-4905-AE9A-61022E781C92}.Release|ARM.ActiveCfg = Release|iPhone
		{F92461ED-9763-4905-AE9A-61022E781C92}.Release|ARM.Build.0 = Release|iPhone
		{F92461ED-9763-4905-AE9A-61022E781C92}.Release|ARM.Deploy.0 = Release|iPhone
		{F92461ED-9763-4905-AE9A-61022E781C92}.Release|iPhone.ActiveCfg = Release|iPhone
		{F92461ED-9763-4905-AE9A-61022E781C92}.Release|iPhone.Build.0 = Release|iPhone
		{F92461ED-9763-4905-AE9A-61022E781C92}.Release|iPhone.Deploy.0 = Release|iPhone
		{F92461ED-9763-4905-AE9A-61022E781C92}.Release|iPhoneSimulator.ActiveCfg = Release|iPhoneSimulator
		{F92461ED-9763-4905-AE9A-61022E781C92}.Release|iPhoneSimulator.Build.0 = Release|iPhoneSimulator
		{F92461ED-9763-4905-AE9A-61022E781C92}.Release|iPhoneSimulator.Deploy.0 = Release|iPhoneSimulator
		{F92461ED-9763-4905-AE9A-61022E781C92}.Release|x64.ActiveCfg = Release|iPhone
		{F92461ED-9763-4905-AE9A-61022E781C92}.Release|x64.Build.0 = Release|iPhone
		{F92461ED-9763-4905-AE9A-61022E781C92}.Release|x64.Deploy.0 = Release|iPhone
		{F92461ED-9763-4905-AE9A-61022E781C92}.Release|x86.ActiveCfg = Release|iPhone
		{F92461ED-9763-4905-AE9A-61022E781C92}.Release|x86.Build.0 = Release|iPhone
		{F92461ED-9763-4905-AE9A-61022E781C92}.Release|x86.Deploy.0 = Release|iPhone
		{046E695D-9E8A-4EA3-A38A-0350E7BD3007}.Ad-Hoc|Any CPU.ActiveCfg = Release|x86
		{046E695D-9E8A-4EA3-A38A-0350E7BD3007}.Ad-Hoc|Any CPU.Build.0 = Release|x86
		{046E695D-9E8A-4EA3-A38A-0350E7BD3007}.Ad-Hoc|Any CPU.Deploy.0 = Release|x86
		{046E695D-9E8A-4EA3-A38A-0350E7BD3007}.Ad-Hoc|ARM.ActiveCfg = Release|ARM
		{046E695D-9E8A-4EA3-A38A-0350E7BD3007}.Ad-Hoc|ARM.Build.0 = Release|ARM
		{046E695D-9E8A-4EA3-A38A-0350E7BD3007}.Ad-Hoc|ARM.Deploy.0 = Release|ARM
		{046E695D-9E8A-4EA3-A38A-0350E7BD3007}.Ad-Hoc|iPhone.ActiveCfg = Release|x86
		{046E695D-9E8A-4EA3-A38A-0350E7BD3007}.Ad-Hoc|iPhone.Build.0 = Release|x86
		{046E695D-9E8A-4EA3-A38A-0350E7BD3007}.Ad-Hoc|iPhone.Deploy.0 = Release|x86
		{046E695D-9E8A-4EA3-A38A-0350E7BD3007}.Ad-Hoc|iPhoneSimulator.ActiveCfg = Release|x86
		{046E695D-9E8A-4EA3-A38A-0350E7BD3007}.Ad-Hoc|iPhoneSimulator.Build.0 = Release|x86
		{046E695D-9E8A-4EA3-A38A-0350E7BD3007}.Ad-Hoc|iPhoneSimulator.Deploy.0 = Release|x86
		{046E695D-9E8A-4EA3-A38A-0350E7BD3007}.Ad-Hoc|x64.ActiveCfg = Release|x64
		{046E695D-9E8A-4EA3-A38A-0350E7BD3007}.Ad-Hoc|x64.Build.0 = Release|x64
		{046E695D-9E8A-4EA3-A38A-0350E7BD3007}.Ad-Hoc|x64.Deploy.0 = Release|x64
		{046E695D-9E8A-4EA3-A38A-0350E7BD3007}.Ad-Hoc|x86.ActiveCfg = Release|x86
		{046E695D-9E8A-4EA3-A38A-0350E7BD3007}.Ad-Hoc|x86.Build.0 = Release|x86
		{046E695D-9E8A-4EA3-A38A-0350E7BD3007}.Ad-Hoc|x86.Deploy.0 = Release|x86
		{046E695D-9E8A-4EA3-A38A-0350E7BD3007}.AppStore|Any CPU.ActiveCfg = Release|x86
		{046E695D-9E8A-4EA3-A38A-0350E7BD3007}.AppStore|Any CPU.Build.0 = Release|x86
		{046E695D-9E8A-4EA3-A38A-0350E7BD3007}.AppStore|Any CPU.Deploy.0 = Release|x86
		{046E695D-9E8A-4EA3-A38A-0350E7BD3007}.AppStore|ARM.ActiveCfg = Release|ARM
		{046E695D-9E8A-4EA3-A38A-0350E7BD3007}.AppStore|ARM.Build.0 = Release|ARM
		{046E695D-9E8A-4EA3-A38A-0350E7BD3007}.AppStore|ARM.Deploy.0 = Release|ARM
		{046E695D-9E8A-4EA3-A38A-0350E7BD3007}.AppStore|iPhone.ActiveCfg = Release|x86
		{046E695D-9E8A-4EA3-A38A-0350E7BD3007}.AppStore|iPhone.Build.0 = Release|x86
		{046E695D-9E8A-4EA3-A38A-0350E7BD3007}.AppStore|iPhone.Deploy.0 = Release|x86
		{046E695D-9E8A-4EA3-A38A-0350E7BD3007}.AppStore|iPhoneSimulator.ActiveCfg = Release|x86
		{046E695D-9E8A-4EA3-A38A-0350E7BD3007}.AppStore|iPhoneSimulator.Build.0 = Release|x86
		{046E695D-9E8A-4EA3-A38A-0350E7BD3007}.AppStore|iPhoneSimulator.Deploy.0 = Release|x86
		{046E695D-9E8A-4EA3-A38A-0350E7BD3007}.AppStore|x64.ActiveCfg = Release|x64
		{046E695D-9E8A-4EA3-A38A-0350E7BD3007}.AppStore|x64.Build.0 = Release|x64
		{046E695D-9E8A-4EA3-A38A-0350E7BD3007}.AppStore|x64.Deploy.0 = Release|x64
		{046E695D-9E8A-4EA3-A38A-0350E7BD3007}.AppStore|x86.ActiveCfg = Release|x86
		{046E695D-9E8A-4EA3-A38A-0350E7BD3007}.AppStore|x86.Build.0 = Release|x86
		{046E695D-9E8A-4EA3-A38A-0350E7BD3007}.AppStore|x86.Deploy.0 = Release|x86
		{046E695D-9E8A-4EA3-A38A-0350E7BD3007}.Debug|Any CPU.ActiveCfg = Debug|x86
		{046E695D-9E8A-4EA3-A38A-0350E7BD3007}.Debug|Any CPU.Build.0 = Debug|x86
		{046E695D-9E8A-4EA3-A38A-0350E7BD3007}.Debug|Any CPU.Deploy.0 = Debug|x86
		{046E695D-9E8A-4EA3-A38A-0350E7BD3007}.Debug|ARM.ActiveCfg = Debug|ARM
		{046E695D-9E8A-4EA3-A38A-0350E7BD3007}.Debug|ARM.Build.0 = Debug|ARM
		{046E695D-9E8A-4EA3-A38A-0350E7BD3007}.Debug|ARM.Deploy.0 = Debug|ARM
		{046E695D-9E8A-4EA3-A38A-0350E7BD3007}.Debug|iPhone.ActiveCfg = Debug|x86
		{046E695D-9E8A-4EA3-A38A-0350E7BD3007}.Debug|iPhone.Build.0 = Debug|x86
		{046E695D-9E8A-4EA3-A38A-0350E7BD3007}.Debug|iPhone.Deploy.0 = Debug|x86
		{046E695D-9E8A-4EA3-A38A-0350E7BD3007}.Debug|iPhoneSimulator.ActiveCfg = Debug|x86
		{046E695D-9E8A-4EA3-A38A-0350E7BD3007}.Debug|iPhoneSimulator.Build.0 = Debug|x86
		{046E695D-9E8A-4EA3-A38A-0350E7BD3007}.Debug|iPhoneSimulator.Deploy.0 = Debug|x86
		{046E695D-9E8A-4EA3-A38A-0350E7BD3007}.Debug|x64.ActiveCfg = Debug|x64
		{046E695D-9E8A-4EA3-A38A-0350E7BD3007}.Debug|x64.Build.0 = Debug|x64
		{046E695D-9E8A-4EA3-A38A-0350E7BD3007}.Debug|x64.Deploy.0 = Debug|x64
		{046E695D-9E8A-4EA3-A38A-0350E7BD3007}.Debug|x86.ActiveCfg = Debug|x86
		{046E695D-9E8A-4EA3-A38A-0350E7BD3007}.Debug|x86.Build.0 = Debug|x86
		{046E695D-9E8A-4EA3-A38A-0350E7BD3007}.Debug|x86.Deploy.0 = Debug|x86
		{046E695D-9E8A-4EA3-A38A-0350E7BD3007}.Release|Any CPU.ActiveCfg = Release|x86
		{046E695D-9E8A-4EA3-A38A-0350E7BD3007}.Release|Any CPU.Build.0 = Release|x86
		{046E695D-9E8A-4EA3-A38A-0350E7BD3007}.Release|Any CPU.Deploy.0 = Release|x86
		{046E695D-9E8A-4EA3-A38A-0350E7BD3007}.Release|ARM.ActiveCfg = Release|ARM
		{046E695D-9E8A-4EA3-A38A-0350E7BD3007}.Release|ARM.Build.0 = Release|ARM
		{046E695D-9E8A-4EA3-A38A-0350E7BD3007}.Release|ARM.Deploy.0 = Release|ARM
		{046E695D-9E8A-4EA3-A38A-0350E7BD3007}.Release|iPhone.ActiveCfg = Release|x86
		{046E695D-9E8A-4EA3-A38A-0350E7BD3007}.Release|iPhone.Build.0 = Release|x86
		{046E695D-9E8A-4EA3-A38A-0350E7BD3007}.Release|iPhone.Deploy.0 = Release|x86
		{046E695D-9E8A-4EA3-A38A-0350E7BD3007}.Release|iPhoneSimulator.ActiveCfg = Release|x86
		{046E695D-9E8A-4EA3-A38A-0350E7BD3007}.Release|iPhoneSimulator.Build.0 = Release|x86
		{046E695D-9E8A-4EA3-A38A-0350E7BD3007}.Release|iPhoneSimulator.Deploy.0 = Release|x86
		{046E695D-9E8A-4EA3-A38A-0350E7BD3007}.Release|x64.ActiveCfg = Release|x64
		{046E695D-9E8A-4EA3-A38A-0350E7BD3007}.Release|x64.Build.0 = Release|x64
		{046E695D-9E8A-4EA3-A38A-0350E7BD3007}.Release|x64.Deploy.0 = Release|x64
		{046E695D-9E8A-4EA3-A38A-0350E7BD3007}.Release|x86.ActiveCfg = Release|x86
		{046E695D-9E8A-4EA3-A38A-0350E7BD3007}.Release|x86.Build.0 = Release|x86
		{046E695D-9E8A-4EA3-A38A-0350E7BD3007}.Release|x86.Deploy.0 = Release|x86
		{E67D1476-FA2A-48D4-B76A-7E104CA4CD26}.Ad-Hoc|Any CPU.ActiveCfg = Debug|Any CPU
		{E67D1476-FA2A-48D4-B76A-7E104CA4CD26}.Ad-Hoc|Any CPU.Build.0 = Debug|Any CPU
		{E67D1476-FA2A-48D4-B76A-7E104CA4CD26}.Ad-Hoc|Any CPU.Deploy.0 = Debug|Any CPU
		{E67D1476-FA2A-48D4-B76A-7E104CA4CD26}.Ad-Hoc|ARM.ActiveCfg = Debug|Any CPU
		{E67D1476-FA2A-48D4-B76A-7E104CA4CD26}.Ad-Hoc|ARM.Build.0 = Debug|Any CPU
		{E67D1476-FA2A-48D4-B76A-7E104CA4CD26}.Ad-Hoc|ARM.Deploy.0 = Debug|Any CPU
		{E67D1476-FA2A-48D4-B76A-7E104CA4CD26}.Ad-Hoc|iPhone.ActiveCfg = Debug|Any CPU
		{E67D1476-FA2A-48D4-B76A-7E104CA4CD26}.Ad-Hoc|iPhone.Build.0 = Debug|Any CPU
		{E67D1476-FA2A-48D4-B76A-7E104CA4CD26}.Ad-Hoc|iPhone.Deploy.0 = Debug|Any CPU
		{E67D1476-FA2A-48D4-B76A-7E104CA4CD26}.Ad-Hoc|iPhoneSimulator.ActiveCfg = Debug|Any CPU
		{E67D1476-FA2A-48D4-B76A-7E104CA4CD26}.Ad-Hoc|iPhoneSimulator.Build.0 = Debug|Any CPU
		{E67D1476-FA2A-48D4-B76A-7E104CA4CD26}.Ad-Hoc|iPhoneSimulator.Deploy.0 = Debug|Any CPU
		{E67D1476-FA2A-48D4-B76A-7E104CA4CD26}.Ad-Hoc|x64.ActiveCfg = Debug|Any CPU
		{E67D1476-FA2A-48D4-B76A-7E104CA4CD26}.Ad-Hoc|x64.Build.0 = Debug|Any CPU
		{E67D1476-FA2A-48D4-B76A-7E104CA4CD26}.Ad-Hoc|x64.Deploy.0 = Debug|Any CPU
		{E67D1476-FA2A-48D4-B76A-7E104CA4CD26}.Ad-Hoc|x86.ActiveCfg = Debug|Any CPU
		{E67D1476-FA2A-48D4-B76A-7E104CA4CD26}.Ad-Hoc|x86.Build.0 = Debug|Any CPU
		{E67D1476-FA2A-48D4-B76A-7E104CA4CD26}.Ad-Hoc|x86.Deploy.0 = Debug|Any CPU
		{E67D1476-FA2A-48D4-B76A-7E104CA4CD26}.AppStore|Any CPU.ActiveCfg = Debug|Any CPU
		{E67D1476-FA2A-48D4-B76A-7E104CA4CD26}.AppStore|Any CPU.Build.0 = Debug|Any CPU
		{E67D1476-FA2A-48D4-B76A-7E104CA4CD26}.AppStore|Any CPU.Deploy.0 = Debug|Any CPU
		{E67D1476-FA2A-48D4-B76A-7E104CA4CD26}.AppStore|ARM.ActiveCfg = Debug|Any CPU
		{E67D1476-FA2A-48D4-B76A-7E104CA4CD26}.AppStore|ARM.Build.0 = Debug|Any CPU
		{E67D1476-FA2A-48D4-B76A-7E104CA4CD26}.AppStore|ARM.Deploy.0 = Debug|Any CPU
		{E67D1476-FA2A-48D4-B76A-7E104CA4CD26}.AppStore|iPhone.ActiveCfg = Debug|Any CPU
		{E67D1476-FA2A-48D4-B76A-7E104CA4CD26}.AppStore|iPhone.Build.0 = Debug|Any CPU
		{E67D1476-FA2A-48D4-B76A-7E104CA4CD26}.AppStore|iPhone.Deploy.0 = Debug|Any CPU
		{E67D1476-FA2A-48D4-B76A-7E104CA4CD26}.AppStore|iPhoneSimulator.ActiveCfg = Debug|Any CPU
		{E67D1476-FA2A-48D4-B76A-7E104CA4CD26}.AppStore|iPhoneSimulator.Build.0 = Debug|Any CPU
		{E67D1476-FA2A-48D4-B76A-7E104CA4CD26}.AppStore|iPhoneSimulator.Deploy.0 = Debug|Any CPU
		{E67D1476-FA2A-48D4-B76A-7E104CA4CD26}.AppStore|x64.ActiveCfg = Debug|Any CPU
		{E67D1476-FA2A-48D4-B76A-7E104CA4CD26}.AppStore|x64.Build.0 = Debug|Any CPU
		{E67D1476-FA2A-48D4-B76A-7E104CA4CD26}.AppStore|x64.Deploy.0 = Debug|Any CPU
		{E67D1476-FA2A-48D4-B76A-7E104CA4CD26}.AppStore|x86.ActiveCfg = Debug|Any CPU
		{E67D1476-FA2A-48D4-B76A-7E104CA4CD26}.AppStore|x86.Build.0 = Debug|Any CPU
		{E67D1476-FA2A-48D4-B76A-7E104CA4CD26}.AppStore|x86.Deploy.0 = Debug|Any CPU
		{E67D1476-FA2A-48D4-B76A-7E104CA4CD26}.Debug|Any CPU.ActiveCfg = Debug|Any CPU
		{E67D1476-FA2A-48D4-B76A-7E104CA4CD26}.Debug|Any CPU.Build.0 = Debug|Any CPU
		{E67D1476-FA2A-48D4-B76A-7E104CA4CD26}.Debug|Any CPU.Deploy.0 = Debug|Any CPU
		{E67D1476-FA2A-48D4-B76A-7E104CA4CD26}.Debug|ARM.ActiveCfg = Debug|Any CPU
		{E67D1476-FA2A-48D4-B76A-7E104CA4CD26}.Debug|ARM.Build.0 = Debug|Any CPU
		{E67D1476-FA2A-48D4-B76A-7E104CA4CD26}.Debug|ARM.Deploy.0 = Debug|Any CPU
		{E67D1476-FA2A-48D4-B76A-7E104CA4CD26}.Debug|iPhone.ActiveCfg = Debug|Any CPU
		{E67D1476-FA2A-48D4-B76A-7E104CA4CD26}.Debug|iPhone.Build.0 = Debug|Any CPU
		{E67D1476-FA2A-48D4-B76A-7E104CA4CD26}.Debug|iPhone.Deploy.0 = Debug|Any CPU
		{E67D1476-FA2A-48D4-B76A-7E104CA4CD26}.Debug|iPhoneSimulator.ActiveCfg = Debug|Any CPU
		{E67D1476-FA2A-48D4-B76A-7E104CA4CD26}.Debug|iPhoneSimulator.Build.0 = Debug|Any CPU
		{E67D1476-FA2A-48D4-B76A-7E104CA4CD26}.Debug|iPhoneSimulator.Deploy.0 = Debug|Any CPU
		{E67D1476-FA2A-48D4-B76A-7E104CA4CD26}.Debug|x64.ActiveCfg = Debug|Any CPU
		{E67D1476-FA2A-48D4-B76A-7E104CA4CD26}.Debug|x64.Build.0 = Debug|Any CPU
		{E67D1476-FA2A-48D4-B76A-7E104CA4CD26}.Debug|x64.Deploy.0 = Debug|Any CPU
		{E67D1476-FA2A-48D4-B76A-7E104CA4CD26}.Debug|x86.ActiveCfg = Debug|Any CPU
		{E67D1476-FA2A-48D4-B76A-7E104CA4CD26}.Debug|x86.Build.0 = Debug|Any CPU
		{E67D1476-FA2A-48D4-B76A-7E104CA4CD26}.Debug|x86.Deploy.0 = Debug|Any CPU
		{E67D1476-FA2A-48D4-B76A-7E104CA4CD26}.Release|Any CPU.ActiveCfg = Release|Any CPU
		{E67D1476-FA2A-48D4-B76A-7E104CA4CD26}.Release|Any CPU.Build.0 = Release|Any CPU
		{E67D1476-FA2A-48D4-B76A-7E104CA4CD26}.Release|Any CPU.Deploy.0 = Release|Any CPU
		{E67D1476-FA2A-48D4-B76A-7E104CA4CD26}.Release|ARM.ActiveCfg = Release|Any CPU
		{E67D1476-FA2A-48D4-B76A-7E104CA4CD26}.Release|ARM.Build.0 = Release|Any CPU
		{E67D1476-FA2A-48D4-B76A-7E104CA4CD26}.Release|ARM.Deploy.0 = Release|Any CPU
		{E67D1476-FA2A-48D4-B76A-7E104CA4CD26}.Release|iPhone.ActiveCfg = Release|Any CPU
		{E67D1476-FA2A-48D4-B76A-7E104CA4CD26}.Release|iPhone.Build.0 = Release|Any CPU
		{E67D1476-FA2A-48D4-B76A-7E104CA4CD26}.Release|iPhone.Deploy.0 = Release|Any CPU
		{E67D1476-FA2A-48D4-B76A-7E104CA4CD26}.Release|iPhoneSimulator.ActiveCfg = Release|Any CPU
		{E67D1476-FA2A-48D4-B76A-7E104CA4CD26}.Release|iPhoneSimulator.Build.0 = Release|Any CPU
		{E67D1476-FA2A-48D4-B76A-7E104CA4CD26}.Release|iPhoneSimulator.Deploy.0 = Release|Any CPU
		{E67D1476-FA2A-48D4-B76A-7E104CA4CD26}.Release|x64.ActiveCfg = Release|Any CPU
		{E67D1476-FA2A-48D4-B76A-7E104CA4CD26}.Release|x64.Build.0 = Release|Any CPU
		{E67D1476-FA2A-48D4-B76A-7E104CA4CD26}.Release|x64.Deploy.0 = Release|Any CPU
		{E67D1476-FA2A-48D4-B76A-7E104CA4CD26}.Release|x86.ActiveCfg = Release|Any CPU
		{E67D1476-FA2A-48D4-B76A-7E104CA4CD26}.Release|x86.Build.0 = Release|Any CPU
		{E67D1476-FA2A-48D4-B76A-7E104CA4CD26}.Release|x86.Deploy.0 = Release|Any CPU
		{B8B211B7-7000-4244-AC06-9EF3FA2A87DE}.Ad-Hoc|Any CPU.ActiveCfg = Release|Any CPU
		{B8B211B7-7000-4244-AC06-9EF3FA2A87DE}.Ad-Hoc|Any CPU.Build.0 = Release|Any CPU
		{B8B211B7-7000-4244-AC06-9EF3FA2A87DE}.Ad-Hoc|ARM.ActiveCfg = Release|Any CPU
		{B8B211B7-7000-4244-AC06-9EF3FA2A87DE}.Ad-Hoc|ARM.Build.0 = Release|Any CPU
		{B8B211B7-7000-4244-AC06-9EF3FA2A87DE}.Ad-Hoc|iPhone.ActiveCfg = Release|Any CPU
		{B8B211B7-7000-4244-AC06-9EF3FA2A87DE}.Ad-Hoc|iPhone.Build.0 = Release|Any CPU
		{B8B211B7-7000-4244-AC06-9EF3FA2A87DE}.Ad-Hoc|iPhoneSimulator.ActiveCfg = Release|Any CPU
		{B8B211B7-7000-4244-AC06-9EF3FA2A87DE}.Ad-Hoc|iPhoneSimulator.Build.0 = Release|Any CPU
		{B8B211B7-7000-4244-AC06-9EF3FA2A87DE}.Ad-Hoc|x64.ActiveCfg = Release|Any CPU
		{B8B211B7-7000-4244-AC06-9EF3FA2A87DE}.Ad-Hoc|x64.Build.0 = Release|Any CPU
		{B8B211B7-7000-4244-AC06-9EF3FA2A87DE}.Ad-Hoc|x86.ActiveCfg = Release|Any CPU
		{B8B211B7-7000-4244-AC06-9EF3FA2A87DE}.Ad-Hoc|x86.Build.0 = Release|Any CPU
		{B8B211B7-7000-4244-AC06-9EF3FA2A87DE}.AppStore|Any CPU.ActiveCfg = Release|Any CPU
		{B8B211B7-7000-4244-AC06-9EF3FA2A87DE}.AppStore|Any CPU.Build.0 = Release|Any CPU
		{B8B211B7-7000-4244-AC06-9EF3FA2A87DE}.AppStore|ARM.ActiveCfg = Release|Any CPU
		{B8B211B7-7000-4244-AC06-9EF3FA2A87DE}.AppStore|ARM.Build.0 = Release|Any CPU
		{B8B211B7-7000-4244-AC06-9EF3FA2A87DE}.AppStore|iPhone.ActiveCfg = Release|Any CPU
		{B8B211B7-7000-4244-AC06-9EF3FA2A87DE}.AppStore|iPhone.Build.0 = Release|Any CPU
		{B8B211B7-7000-4244-AC06-9EF3FA2A87DE}.AppStore|iPhoneSimulator.ActiveCfg = Release|Any CPU
		{B8B211B7-7000-4244-AC06-9EF3FA2A87DE}.AppStore|iPhoneSimulator.Build.0 = Release|Any CPU
		{B8B211B7-7000-4244-AC06-9EF3FA2A87DE}.AppStore|x64.ActiveCfg = Release|Any CPU
		{B8B211B7-7000-4244-AC06-9EF3FA2A87DE}.AppStore|x64.Build.0 = Release|Any CPU
		{B8B211B7-7000-4244-AC06-9EF3FA2A87DE}.AppStore|x86.ActiveCfg = Release|Any CPU
		{B8B211B7-7000-4244-AC06-9EF3FA2A87DE}.AppStore|x86.Build.0 = Release|Any CPU
		{B8B211B7-7000-4244-AC06-9EF3FA2A87DE}.Debug|Any CPU.ActiveCfg = Debug|Any CPU
		{B8B211B7-7000-4244-AC06-9EF3FA2A87DE}.Debug|Any CPU.Build.0 = Debug|Any CPU
		{B8B211B7-7000-4244-AC06-9EF3FA2A87DE}.Debug|ARM.ActiveCfg = Debug|Any CPU
		{B8B211B7-7000-4244-AC06-9EF3FA2A87DE}.Debug|ARM.Build.0 = Debug|Any CPU
		{B8B211B7-7000-4244-AC06-9EF3FA2A87DE}.Debug|iPhone.ActiveCfg = Debug|Any CPU
		{B8B211B7-7000-4244-AC06-9EF3FA2A87DE}.Debug|iPhone.Build.0 = Debug|Any CPU
		{B8B211B7-7000-4244-AC06-9EF3FA2A87DE}.Debug|iPhoneSimulator.ActiveCfg = Debug|Any CPU
		{B8B211B7-7000-4244-AC06-9EF3FA2A87DE}.Debug|iPhoneSimulator.Build.0 = Debug|Any CPU
		{B8B211B7-7000-4244-AC06-9EF3FA2A87DE}.Debug|x64.ActiveCfg = Debug|Any CPU
		{B8B211B7-7000-4244-AC06-9EF3FA2A87DE}.Debug|x64.Build.0 = Debug|Any CPU
		{B8B211B7-7000-4244-AC06-9EF3FA2A87DE}.Debug|x86.ActiveCfg = Debug|Any CPU
		{B8B211B7-7000-4244-AC06-9EF3FA2A87DE}.Debug|x86.Build.0 = Debug|Any CPU
		{B8B211B7-7000-4244-AC06-9EF3FA2A87DE}.Release|Any CPU.ActiveCfg = Release|Any CPU
		{B8B211B7-7000-4244-AC06-9EF3FA2A87DE}.Release|Any CPU.Build.0 = Release|Any CPU
		{B8B211B7-7000-4244-AC06-9EF3FA2A87DE}.Release|ARM.ActiveCfg = Release|Any CPU
		{B8B211B7-7000-4244-AC06-9EF3FA2A87DE}.Release|ARM.Build.0 = Release|Any CPU
		{B8B211B7-7000-4244-AC06-9EF3FA2A87DE}.Release|iPhone.ActiveCfg = Release|Any CPU
		{B8B211B7-7000-4244-AC06-9EF3FA2A87DE}.Release|iPhone.Build.0 = Release|Any CPU
		{B8B211B7-7000-4244-AC06-9EF3FA2A87DE}.Release|iPhoneSimulator.ActiveCfg = Release|Any CPU
		{B8B211B7-7000-4244-AC06-9EF3FA2A87DE}.Release|iPhoneSimulator.Build.0 = Release|Any CPU
		{B8B211B7-7000-4244-AC06-9EF3FA2A87DE}.Release|x64.ActiveCfg = Release|Any CPU
		{B8B211B7-7000-4244-AC06-9EF3FA2A87DE}.Release|x64.Build.0 = Release|Any CPU
		{B8B211B7-7000-4244-AC06-9EF3FA2A87DE}.Release|x86.ActiveCfg = Release|Any CPU
		{B8B211B7-7000-4244-AC06-9EF3FA2A87DE}.Release|x86.Build.0 = Release|Any CPU
		{BB89C39B-CABB-4C46-AFE2-06814907528D}.Ad-Hoc|Any CPU.ActiveCfg = Release|Any CPU
		{BB89C39B-CABB-4C46-AFE2-06814907528D}.Ad-Hoc|Any CPU.Build.0 = Release|Any CPU
		{BB89C39B-CABB-4C46-AFE2-06814907528D}.Ad-Hoc|ARM.ActiveCfg = Release|Any CPU
		{BB89C39B-CABB-4C46-AFE2-06814907528D}.Ad-Hoc|ARM.Build.0 = Release|Any CPU
		{BB89C39B-CABB-4C46-AFE2-06814907528D}.Ad-Hoc|iPhone.ActiveCfg = Release|Any CPU
		{BB89C39B-CABB-4C46-AFE2-06814907528D}.Ad-Hoc|iPhone.Build.0 = Release|Any CPU
		{BB89C39B-CABB-4C46-AFE2-06814907528D}.Ad-Hoc|iPhoneSimulator.ActiveCfg = Release|Any CPU
		{BB89C39B-CABB-4C46-AFE2-06814907528D}.Ad-Hoc|iPhoneSimulator.Build.0 = Release|Any CPU
		{BB89C39B-CABB-4C46-AFE2-06814907528D}.Ad-Hoc|x64.ActiveCfg = Release|Any CPU
		{BB89C39B-CABB-4C46-AFE2-06814907528D}.Ad-Hoc|x64.Build.0 = Release|Any CPU
		{BB89C39B-CABB-4C46-AFE2-06814907528D}.Ad-Hoc|x86.ActiveCfg = Release|Any CPU
		{BB89C39B-CABB-4C46-AFE2-06814907528D}.Ad-Hoc|x86.Build.0 = Release|Any CPU
		{BB89C39B-CABB-4C46-AFE2-06814907528D}.AppStore|Any CPU.ActiveCfg = Release|Any CPU
		{BB89C39B-CABB-4C46-AFE2-06814907528D}.AppStore|Any CPU.Build.0 = Release|Any CPU
		{BB89C39B-CABB-4C46-AFE2-06814907528D}.AppStore|ARM.ActiveCfg = Release|Any CPU
		{BB89C39B-CABB-4C46-AFE2-06814907528D}.AppStore|ARM.Build.0 = Release|Any CPU
		{BB89C39B-CABB-4C46-AFE2-06814907528D}.AppStore|iPhone.ActiveCfg = Release|Any CPU
		{BB89C39B-CABB-4C46-AFE2-06814907528D}.AppStore|iPhone.Build.0 = Release|Any CPU
		{BB89C39B-CABB-4C46-AFE2-06814907528D}.AppStore|iPhoneSimulator.ActiveCfg = Release|Any CPU
		{BB89C39B-CABB-4C46-AFE2-06814907528D}.AppStore|iPhoneSimulator.Build.0 = Release|Any CPU
		{BB89C39B-CABB-4C46-AFE2-06814907528D}.AppStore|x64.ActiveCfg = Release|Any CPU
		{BB89C39B-CABB-4C46-AFE2-06814907528D}.AppStore|x64.Build.0 = Release|Any CPU
		{BB89C39B-CABB-4C46-AFE2-06814907528D}.AppStore|x86.ActiveCfg = Release|Any CPU
		{BB89C39B-CABB-4C46-AFE2-06814907528D}.AppStore|x86.Build.0 = Release|Any CPU
		{BB89C39B-CABB-4C46-AFE2-06814907528D}.Debug|Any CPU.ActiveCfg = Debug|Any CPU
		{BB89C39B-CABB-4C46-AFE2-06814907528D}.Debug|Any CPU.Build.0 = Debug|Any CPU
		{BB89C39B-CABB-4C46-AFE2-06814907528D}.Debug|ARM.ActiveCfg = Debug|Any CPU
		{BB89C39B-CABB-4C46-AFE2-06814907528D}.Debug|ARM.Build.0 = Debug|Any CPU
		{BB89C39B-CABB-4C46-AFE2-06814907528D}.Debug|iPhone.ActiveCfg = Debug|Any CPU
		{BB89C39B-CABB-4C46-AFE2-06814907528D}.Debug|iPhone.Build.0 = Debug|Any CPU
		{BB89C39B-CABB-4C46-AFE2-06814907528D}.Debug|iPhoneSimulator.ActiveCfg = Debug|Any CPU
		{BB89C39B-CABB-4C46-AFE2-06814907528D}.Debug|iPhoneSimulator.Build.0 = Debug|Any CPU
		{BB89C39B-CABB-4C46-AFE2-06814907528D}.Debug|x64.ActiveCfg = Debug|Any CPU
		{BB89C39B-CABB-4C46-AFE2-06814907528D}.Debug|x64.Build.0 = Debug|Any CPU
		{BB89C39B-CABB-4C46-AFE2-06814907528D}.Debug|x86.ActiveCfg = Debug|Any CPU
		{BB89C39B-CABB-4C46-AFE2-06814907528D}.Debug|x86.Build.0 = Debug|Any CPU
		{BB89C39B-CABB-4C46-AFE2-06814907528D}.Release|Any CPU.ActiveCfg = Release|Any CPU
		{BB89C39B-CABB-4C46-AFE2-06814907528D}.Release|Any CPU.Build.0 = Release|Any CPU
		{BB89C39B-CABB-4C46-AFE2-06814907528D}.Release|ARM.ActiveCfg = Release|Any CPU
		{BB89C39B-CABB-4C46-AFE2-06814907528D}.Release|ARM.Build.0 = Release|Any CPU
		{BB89C39B-CABB-4C46-AFE2-06814907528D}.Release|iPhone.ActiveCfg = Release|Any CPU
		{BB89C39B-CABB-4C46-AFE2-06814907528D}.Release|iPhone.Build.0 = Release|Any CPU
		{BB89C39B-CABB-4C46-AFE2-06814907528D}.Release|iPhoneSimulator.ActiveCfg = Release|Any CPU
		{BB89C39B-CABB-4C46-AFE2-06814907528D}.Release|iPhoneSimulator.Build.0 = Release|Any CPU
		{BB89C39B-CABB-4C46-AFE2-06814907528D}.Release|x64.ActiveCfg = Release|Any CPU
		{BB89C39B-CABB-4C46-AFE2-06814907528D}.Release|x64.Build.0 = Release|Any CPU
		{BB89C39B-CABB-4C46-AFE2-06814907528D}.Release|x86.ActiveCfg = Release|Any CPU
		{BB89C39B-CABB-4C46-AFE2-06814907528D}.Release|x86.Build.0 = Release|Any CPU
		{841A4CC7-D68D-4636-8DBC-CECE5AF4F6DF}.Ad-Hoc|Any CPU.ActiveCfg = Release|Any CPU
		{841A4CC7-D68D-4636-8DBC-CECE5AF4F6DF}.Ad-Hoc|Any CPU.Build.0 = Release|Any CPU
		{841A4CC7-D68D-4636-8DBC-CECE5AF4F6DF}.Ad-Hoc|ARM.ActiveCfg = Release|Any CPU
		{841A4CC7-D68D-4636-8DBC-CECE5AF4F6DF}.Ad-Hoc|ARM.Build.0 = Release|Any CPU
		{841A4CC7-D68D-4636-8DBC-CECE5AF4F6DF}.Ad-Hoc|iPhone.ActiveCfg = Release|Any CPU
		{841A4CC7-D68D-4636-8DBC-CECE5AF4F6DF}.Ad-Hoc|iPhone.Build.0 = Release|Any CPU
		{841A4CC7-D68D-4636-8DBC-CECE5AF4F6DF}.Ad-Hoc|iPhoneSimulator.ActiveCfg = Release|Any CPU
		{841A4CC7-D68D-4636-8DBC-CECE5AF4F6DF}.Ad-Hoc|iPhoneSimulator.Build.0 = Release|Any CPU
		{841A4CC7-D68D-4636-8DBC-CECE5AF4F6DF}.Ad-Hoc|x64.ActiveCfg = Release|Any CPU
		{841A4CC7-D68D-4636-8DBC-CECE5AF4F6DF}.Ad-Hoc|x64.Build.0 = Release|Any CPU
		{841A4CC7-D68D-4636-8DBC-CECE5AF4F6DF}.Ad-Hoc|x86.ActiveCfg = Release|Any CPU
		{841A4CC7-D68D-4636-8DBC-CECE5AF4F6DF}.Ad-Hoc|x86.Build.0 = Release|Any CPU
		{841A4CC7-D68D-4636-8DBC-CECE5AF4F6DF}.AppStore|Any CPU.ActiveCfg = Release|Any CPU
		{841A4CC7-D68D-4636-8DBC-CECE5AF4F6DF}.AppStore|Any CPU.Build.0 = Release|Any CPU
		{841A4CC7-D68D-4636-8DBC-CECE5AF4F6DF}.AppStore|ARM.ActiveCfg = Release|Any CPU
		{841A4CC7-D68D-4636-8DBC-CECE5AF4F6DF}.AppStore|ARM.Build.0 = Release|Any CPU
		{841A4CC7-D68D-4636-8DBC-CECE5AF4F6DF}.AppStore|iPhone.ActiveCfg = Release|Any CPU
		{841A4CC7-D68D-4636-8DBC-CECE5AF4F6DF}.AppStore|iPhone.Build.0 = Release|Any CPU
		{841A4CC7-D68D-4636-8DBC-CECE5AF4F6DF}.AppStore|iPhoneSimulator.ActiveCfg = Release|Any CPU
		{841A4CC7-D68D-4636-8DBC-CECE5AF4F6DF}.AppStore|iPhoneSimulator.Build.0 = Release|Any CPU
		{841A4CC7-D68D-4636-8DBC-CECE5AF4F6DF}.AppStore|x64.ActiveCfg = Release|Any CPU
		{841A4CC7-D68D-4636-8DBC-CECE5AF4F6DF}.AppStore|x64.Build.0 = Release|Any CPU
		{841A4CC7-D68D-4636-8DBC-CECE5AF4F6DF}.AppStore|x86.ActiveCfg = Release|Any CPU
		{841A4CC7-D68D-4636-8DBC-CECE5AF4F6DF}.AppStore|x86.Build.0 = Release|Any CPU
		{841A4CC7-D68D-4636-8DBC-CECE5AF4F6DF}.Debug|Any CPU.ActiveCfg = Debug|Any CPU
		{841A4CC7-D68D-4636-8DBC-CECE5AF4F6DF}.Debug|Any CPU.Build.0 = Debug|Any CPU
		{841A4CC7-D68D-4636-8DBC-CECE5AF4F6DF}.Debug|ARM.ActiveCfg = Debug|Any CPU
		{841A4CC7-D68D-4636-8DBC-CECE5AF4F6DF}.Debug|ARM.Build.0 = Debug|Any CPU
		{841A4CC7-D68D-4636-8DBC-CECE5AF4F6DF}.Debug|iPhone.ActiveCfg = Debug|Any CPU
		{841A4CC7-D68D-4636-8DBC-CECE5AF4F6DF}.Debug|iPhone.Build.0 = Debug|Any CPU
		{841A4CC7-D68D-4636-8DBC-CECE5AF4F6DF}.Debug|iPhoneSimulator.ActiveCfg = Debug|Any CPU
		{841A4CC7-D68D-4636-8DBC-CECE5AF4F6DF}.Debug|iPhoneSimulator.Build.0 = Debug|Any CPU
		{841A4CC7-D68D-4636-8DBC-CECE5AF4F6DF}.Debug|x64.ActiveCfg = Debug|Any CPU
		{841A4CC7-D68D-4636-8DBC-CECE5AF4F6DF}.Debug|x64.Build.0 = Debug|Any CPU
		{841A4CC7-D68D-4636-8DBC-CECE5AF4F6DF}.Debug|x86.ActiveCfg = Debug|Any CPU
		{841A4CC7-D68D-4636-8DBC-CECE5AF4F6DF}.Debug|x86.Build.0 = Debug|Any CPU
		{841A4CC7-D68D-4636-8DBC-CECE5AF4F6DF}.Release|Any CPU.ActiveCfg = Release|Any CPU
		{841A4CC7-D68D-4636-8DBC-CECE5AF4F6DF}.Release|Any CPU.Build.0 = Release|Any CPU
		{841A4CC7-D68D-4636-8DBC-CECE5AF4F6DF}.Release|ARM.ActiveCfg = Release|Any CPU
		{841A4CC7-D68D-4636-8DBC-CECE5AF4F6DF}.Release|ARM.Build.0 = Release|Any CPU
		{841A4CC7-D68D-4636-8DBC-CECE5AF4F6DF}.Release|iPhone.ActiveCfg = Release|Any CPU
		{841A4CC7-D68D-4636-8DBC-CECE5AF4F6DF}.Release|iPhone.Build.0 = Release|Any CPU
		{841A4CC7-D68D-4636-8DBC-CECE5AF4F6DF}.Release|iPhoneSimulator.ActiveCfg = Release|Any CPU
		{841A4CC7-D68D-4636-8DBC-CECE5AF4F6DF}.Release|iPhoneSimulator.Build.0 = Release|Any CPU
		{841A4CC7-D68D-4636-8DBC-CECE5AF4F6DF}.Release|x64.ActiveCfg = Release|Any CPU
		{841A4CC7-D68D-4636-8DBC-CECE5AF4F6DF}.Release|x64.Build.0 = Release|Any CPU
		{841A4CC7-D68D-4636-8DBC-CECE5AF4F6DF}.Release|x86.ActiveCfg = Release|Any CPU
		{841A4CC7-D68D-4636-8DBC-CECE5AF4F6DF}.Release|x86.Build.0 = Release|Any CPU
		{B88CB2B9-F134-4800-B208-C1686A6A33A1}.Ad-Hoc|Any CPU.ActiveCfg = Release|Any CPU
		{B88CB2B9-F134-4800-B208-C1686A6A33A1}.Ad-Hoc|Any CPU.Build.0 = Release|Any CPU
		{B88CB2B9-F134-4800-B208-C1686A6A33A1}.Ad-Hoc|ARM.ActiveCfg = Release|Any CPU
		{B88CB2B9-F134-4800-B208-C1686A6A33A1}.Ad-Hoc|ARM.Build.0 = Release|Any CPU
		{B88CB2B9-F134-4800-B208-C1686A6A33A1}.Ad-Hoc|iPhone.ActiveCfg = Release|Any CPU
		{B88CB2B9-F134-4800-B208-C1686A6A33A1}.Ad-Hoc|iPhone.Build.0 = Release|Any CPU
		{B88CB2B9-F134-4800-B208-C1686A6A33A1}.Ad-Hoc|iPhoneSimulator.ActiveCfg = Release|Any CPU
		{B88CB2B9-F134-4800-B208-C1686A6A33A1}.Ad-Hoc|iPhoneSimulator.Build.0 = Release|Any CPU
		{B88CB2B9-F134-4800-B208-C1686A6A33A1}.Ad-Hoc|x64.ActiveCfg = Release|Any CPU
		{B88CB2B9-F134-4800-B208-C1686A6A33A1}.Ad-Hoc|x64.Build.0 = Release|Any CPU
		{B88CB2B9-F134-4800-B208-C1686A6A33A1}.Ad-Hoc|x86.ActiveCfg = Release|Any CPU
		{B88CB2B9-F134-4800-B208-C1686A6A33A1}.Ad-Hoc|x86.Build.0 = Release|Any CPU
		{B88CB2B9-F134-4800-B208-C1686A6A33A1}.AppStore|Any CPU.ActiveCfg = Release|Any CPU
		{B88CB2B9-F134-4800-B208-C1686A6A33A1}.AppStore|Any CPU.Build.0 = Release|Any CPU
		{B88CB2B9-F134-4800-B208-C1686A6A33A1}.AppStore|ARM.ActiveCfg = Release|Any CPU
		{B88CB2B9-F134-4800-B208-C1686A6A33A1}.AppStore|ARM.Build.0 = Release|Any CPU
		{B88CB2B9-F134-4800-B208-C1686A6A33A1}.AppStore|iPhone.ActiveCfg = Release|Any CPU
		{B88CB2B9-F134-4800-B208-C1686A6A33A1}.AppStore|iPhone.Build.0 = Release|Any CPU
		{B88CB2B9-F134-4800-B208-C1686A6A33A1}.AppStore|iPhoneSimulator.ActiveCfg = Release|Any CPU
		{B88CB2B9-F134-4800-B208-C1686A6A33A1}.AppStore|iPhoneSimulator.Build.0 = Release|Any CPU
		{B88CB2B9-F134-4800-B208-C1686A6A33A1}.AppStore|x64.ActiveCfg = Release|Any CPU
		{B88CB2B9-F134-4800-B208-C1686A6A33A1}.AppStore|x64.Build.0 = Release|Any CPU
		{B88CB2B9-F134-4800-B208-C1686A6A33A1}.AppStore|x86.ActiveCfg = Release|Any CPU
		{B88CB2B9-F134-4800-B208-C1686A6A33A1}.AppStore|x86.Build.0 = Release|Any CPU
		{B88CB2B9-F134-4800-B208-C1686A6A33A1}.Debug|Any CPU.ActiveCfg = Debug|Any CPU
		{B88CB2B9-F134-4800-B208-C1686A6A33A1}.Debug|Any CPU.Build.0 = Debug|Any CPU
		{B88CB2B9-F134-4800-B208-C1686A6A33A1}.Debug|ARM.ActiveCfg = Debug|Any CPU
		{B88CB2B9-F134-4800-B208-C1686A6A33A1}.Debug|ARM.Build.0 = Debug|Any CPU
		{B88CB2B9-F134-4800-B208-C1686A6A33A1}.Debug|iPhone.ActiveCfg = Debug|Any CPU
		{B88CB2B9-F134-4800-B208-C1686A6A33A1}.Debug|iPhone.Build.0 = Debug|Any CPU
		{B88CB2B9-F134-4800-B208-C1686A6A33A1}.Debug|iPhoneSimulator.ActiveCfg = Debug|Any CPU
		{B88CB2B9-F134-4800-B208-C1686A6A33A1}.Debug|iPhoneSimulator.Build.0 = Debug|Any CPU
		{B88CB2B9-F134-4800-B208-C1686A6A33A1}.Debug|x64.ActiveCfg = Debug|Any CPU
		{B88CB2B9-F134-4800-B208-C1686A6A33A1}.Debug|x64.Build.0 = Debug|Any CPU
		{B88CB2B9-F134-4800-B208-C1686A6A33A1}.Debug|x86.ActiveCfg = Debug|Any CPU
		{B88CB2B9-F134-4800-B208-C1686A6A33A1}.Debug|x86.Build.0 = Debug|Any CPU
		{B88CB2B9-F134-4800-B208-C1686A6A33A1}.Release|Any CPU.ActiveCfg = Release|Any CPU
		{B88CB2B9-F134-4800-B208-C1686A6A33A1}.Release|Any CPU.Build.0 = Release|Any CPU
		{B88CB2B9-F134-4800-B208-C1686A6A33A1}.Release|ARM.ActiveCfg = Release|Any CPU
		{B88CB2B9-F134-4800-B208-C1686A6A33A1}.Release|ARM.Build.0 = Release|Any CPU
		{B88CB2B9-F134-4800-B208-C1686A6A33A1}.Release|iPhone.ActiveCfg = Release|Any CPU
		{B88CB2B9-F134-4800-B208-C1686A6A33A1}.Release|iPhone.Build.0 = Release|Any CPU
		{B88CB2B9-F134-4800-B208-C1686A6A33A1}.Release|iPhoneSimulator.ActiveCfg = Release|Any CPU
		{B88CB2B9-F134-4800-B208-C1686A6A33A1}.Release|iPhoneSimulator.Build.0 = Release|Any CPU
		{B88CB2B9-F134-4800-B208-C1686A6A33A1}.Release|x64.ActiveCfg = Release|Any CPU
		{B88CB2B9-F134-4800-B208-C1686A6A33A1}.Release|x64.Build.0 = Release|Any CPU
		{B88CB2B9-F134-4800-B208-C1686A6A33A1}.Release|x86.ActiveCfg = Release|Any CPU
		{B88CB2B9-F134-4800-B208-C1686A6A33A1}.Release|x86.Build.0 = Release|Any CPU
	EndGlobalSection
	GlobalSection(SolutionProperties) = preSolution
		HideSolutionNode = FALSE
	EndGlobalSection
	GlobalSection(ExtensibilityGlobals) = postSolution
		SolutionGuid = {75A00FBE-082A-46E5-A38D-7CC69583C9AC}
	EndGlobalSection
EndGlobal
